
Microsoft Visual Studio Solution File, Format Version 12.00
Project("{FAE04EC0-301F-11D3-BF4B-00C04F79EFBC}") = "ManyTests", "ManyTests\ManyTests.csproj", "{37CBA9F1-07C2-43E1-AB20-318A6BB7ADDF}"
EndProject
Global
	GlobalSection(SolutionConfigurationPlatforms) = preSolution
		Debug|Any CPU = Debug|Any CPU
		Release|Any CPU = Release|Any CPU
	EndGlobalSection
	GlobalSection(ProjectConfigurationPlatforms) = postSolution
		{37CBA9F1-07C2-43E1-AB20-318A6BB7ADDF}.Debug|Any CPU.ActiveCfg = Debug|Any CPU
		{37CBA9F1-07C2-43E1-AB20-318A6BB7ADDF}.Debug|Any CPU.Build.0 = Debug|Any CPU
		{37CBA9F1-07C2-43E1-AB20-318A6BB7ADDF}.Release|Any CPU.ActiveCfg = Release|Any CPU
		{37CBA9F1-07C2-43E1-AB20-318A6BB7ADDF}.Release|Any CPU.Build.0 = Release|Any CPU
	EndGlobalSection
EndGlobal
